
Microsoft Visual Studio Solution File, Format Version 12.00
# Visual Studio Version 17
VisualStudioVersion = 17.10.34928.147
MinimumVisualStudioVersion = 10.0.40219.1
Project("{FAE04EC0-301F-11D3-BF4B-00C04F79EFBC}") = "14_TASK", "14_TASK.csproj", "{B2D94510-A927-483E-B616-61E0686B59BA}"
EndProject
Global
	GlobalSection(SolutionConfigurationPlatforms) = preSolution
		Debug|Any CPU = Debug|Any CPU
		Release|Any CPU = Release|Any CPU
	EndGlobalSection
	GlobalSection(ProjectConfigurationPlatforms) = postSolution
		{B2D94510-A927-483E-B616-61E0686B59BA}.Debug|Any CPU.ActiveCfg = Debug|Any CPU
		{B2D94510-A927-483E-B616-61E0686B59BA}.Debug|Any CPU.Build.0 = Debug|Any CPU
		{B2D94510-A927-483E-B616-61E0686B59BA}.Release|Any CPU.ActiveCfg = Release|Any CPU
		{B2D94510-A927-483E-B616-61E0686B59BA}.Release|Any CPU.Build.0 = Release|Any CPU
	EndGlobalSection
	GlobalSection(SolutionProperties) = preSolution
		HideSolutionNode = FALSE
	EndGlobalSection
	GlobalSection(ExtensibilityGlobals) = postSolution
		SolutionGuid = {6F2AA184-B43A-4023-B653-2DA8A4FCF8D4}
	EndGlobalSection
EndGlobal
